
Microsoft Visual Studio Solution File, Format Version 12.00
# Visual Studio Version 17
VisualStudioVersion = 17.5.33414.496
MinimumVisualStudioVersion = 10.0.40219.1
Project("{FAE04EC0-301F-11D3-BF4B-00C04F79EFBC}") = "MetadecBackEnd", "MetadecBackEnd\MetadecBackEnd.csproj", "{AC159182-895C-4EF5-B864-1A932CFE6CC8}"
EndProject
Global
	GlobalSection(SolutionConfigurationPlatforms) = preSolution
		Debug|Any CPU = Debug|Any CPU
		Release|Any CPU = Release|Any CPU
	EndGlobalSection
	GlobalSection(ProjectConfigurationPlatforms) = postSolution
		{AC159182-895C-4EF5-B864-1A932CFE6CC8}.Debug|Any CPU.ActiveCfg = Debug|Any CPU
		{AC159182-895C-4EF5-B864-1A932CFE6CC8}.Debug|Any CPU.Build.0 = Debug|Any CPU
		{AC159182-895C-4EF5-B864-1A932CFE6CC8}.Release|Any CPU.ActiveCfg = Release|Any CPU
		{AC159182-895C-4EF5-B864-1A932CFE6CC8}.Release|Any CPU.Build.0 = Release|Any CPU
	EndGlobalSection
	GlobalSection(SolutionProperties) = preSolution
		HideSolutionNode = FALSE
	EndGlobalSection
	GlobalSection(ExtensibilityGlobals) = postSolution
		SolutionGuid = {C5A97EE1-8EEE-45EF-947E-61F8E53E79A4}
	EndGlobalSection
EndGlobal
