
Microsoft Visual Studio Solution File, Format Version 12.00
# Visual Studio Version 17
VisualStudioVersion = 17.5.33414.496
MinimumVisualStudioVersion = 10.0.40219.1
Project("{FAE04EC0-301F-11D3-BF4B-00C04F79EFBC}") = "BE-Metadec", "BE-Metadec\BE-Metadec.csproj", "{827BA139-9BB6-41A5-B4FA-B1D3BA72393E}"
EndProject
Global
	GlobalSection(SolutionConfigurationPlatforms) = preSolution
		Debug|Any CPU = Debug|Any CPU
		Release|Any CPU = Release|Any CPU
	EndGlobalSection
	GlobalSection(ProjectConfigurationPlatforms) = postSolution
		{827BA139-9BB6-41A5-B4FA-B1D3BA72393E}.Debug|Any CPU.ActiveCfg = Debug|Any CPU
		{827BA139-9BB6-41A5-B4FA-B1D3BA72393E}.Debug|Any CPU.Build.0 = Debug|Any CPU
		{827BA139-9BB6-41A5-B4FA-B1D3BA72393E}.Release|Any CPU.ActiveCfg = Release|Any CPU
		{827BA139-9BB6-41A5-B4FA-B1D3BA72393E}.Release|Any CPU.Build.0 = Release|Any CPU
	EndGlobalSection
	GlobalSection(SolutionProperties) = preSolution
		HideSolutionNode = FALSE
	EndGlobalSection
	GlobalSection(ExtensibilityGlobals) = postSolution
		SolutionGuid = {50F6DA24-4C91-4701-88E7-8AE4B258611F}
	EndGlobalSection
EndGlobal
